{
  "version": 4,
  "terraform_version": "1.9.8",
  "serial": 480,
  "lineage": "7605f2a8-742b-8cb5-d7d3-be11659542d7",
  "outputs": {
    "ecr_repository_url": {
      "value": "717279717338.dkr.ecr.us-east-1.amazonaws.com/nti-repo",
      "type": "string"
    }
  },
  "resources": [
    {
      "mode": "data",
      "type": "aws_availability_zones",
      "name": "available",
      "provider": "provider[\"registry.terraform.io/hashicorp/aws\"]",
      "instances": [
        {
          "schema_version": 0,
          "attributes": {
            "all_availability_zones": null,
            "exclude_names": null,
            "exclude_zone_ids": null,
            "filter": null,
            "group_names": [
              "us-east-1"
            ],
            "id": "us-east-1",
            "names": [
              "us-east-1a",
              "us-east-1b",
              "us-east-1c",
              "us-east-1d",
              "us-east-1e",
              "us-east-1f"
            ],
            "state": "available",
            "timeouts": null,
            "zone_ids": [
              "use1-az2",
              "use1-az4",
              "use1-az6",
              "use1-az1",
              "use1-az3",
              "use1-az5"
            ]
          },
          "sensitive_attributes": []
        }
      ]
    },
    {
      "mode": "managed",
      "type": "aws_backup_plan",
      "name": "jenkins_backup_plan",
      "provider": "provider[\"registry.terraform.io/hashicorp/aws\"]",
      "instances": [
        {
          "schema_version": 1,
          "attributes": {
            "advanced_backup_setting": [],
            "arn": "arn:aws:backup:us-east-1:717279717338:backup-plan:ba776086-d94c-469f-8ae6-e38497054883",
            "id": "ba776086-d94c-469f-8ae6-e38497054883",
            "name": "jenkins-backup-plan",
            "rule": [
              {
                "completion_window": 180,
                "copy_action": [],
                "enable_continuous_backup": false,
                "lifecycle": [
                  {
                    "cold_storage_after": 0,
                    "delete_after": 30,
                    "opt_in_to_archive_for_supported_resources": false
                  }
                ],
                "recovery_point_tags": {},
                "rule_name": "daily-backup",
                "schedule": "cron(0 12 * * ? *)",
                "schedule_expression_timezone": "Etc/UTC",
                "start_window": 60,
                "target_vault_name": "jenkins-backup-vault"
              }
            ],
            "tags": null,
            "tags_all": {},
            "version": "MTZhMTU3ZjAtYjg1Mi00ODkwLTkxNDYtMWE0ODYwOTUxOGQ4"
          },
          "sensitive_attributes": [],
          "private": "eyJzY2hlbWFfdmVyc2lvbiI6IjEifQ==",
          "dependencies": [
            "aws_backup_vault.jenkins_vault"
          ]
        }
      ]
    },
    {
      "mode": "managed",
      "type": "aws_backup_selection",
      "name": "jenkins_backup_selection",
      "provider": "provider[\"registry.terraform.io/hashicorp/aws\"]",
      "instances": [
        {
          "schema_version": 0,
          "attributes": {
            "condition": [
              {
                "string_equals": [],
                "string_like": [],
                "string_not_equals": [],
                "string_not_like": []
              }
            ],
            "iam_role_arn": "arn:aws:iam::717279717338:role/backup-role",
            "id": "3526aef8-3b52-4949-a912-766627c63839",
            "name": "jenkins-backup-selection",
            "not_resources": [],
            "plan_id": "ba776086-d94c-469f-8ae6-e38497054883",
            "resources": null,
            "selection_tag": [
              {
                "key": "Backup",
                "type": "STRINGEQUALS",
                "value": "true"
              }
            ]
          },
          "sensitive_attributes": [],
          "private": "bnVsbA==",
          "dependencies": [
            "aws_backup_plan.jenkins_backup_plan",
            "aws_backup_vault.jenkins_vault",
            "aws_iam_role.backup_role"
          ]
        }
      ]
    },
    {
      "mode": "managed",
      "type": "aws_backup_vault",
      "name": "jenkins_vault",
      "provider": "provider[\"registry.terraform.io/hashicorp/aws\"]",
      "instances": [
        {
          "schema_version": 0,
          "attributes": {
            "arn": "arn:aws:backup:us-east-1:717279717338:backup-vault:jenkins-backup-vault",
            "force_destroy": false,
            "id": "jenkins-backup-vault",
            "kms_key_arn": "arn:aws:kms:us-east-1:717279717338:key/9d633d02-5df1-4905-8f8b-7fd4e5e74a97",
            "name": "jenkins-backup-vault",
            "recovery_points": 0,
            "tags": null,
            "tags_all": {},
            "timeouts": null
          },
          "sensitive_attributes": [],
          "private": "eyJlMmJmYjczMC1lY2FhLTExZTYtOGY4OC0zNDM2M2JjN2M0YzAiOnsiZGVsZXRlIjo2MDAwMDAwMDAwMDB9fQ=="
        }
      ]
    },
    {
      "mode": "managed",
      "type": "aws_dynamodb_table",
      "name": "app_table",
      "provider": "provider[\"registry.terraform.io/hashicorp/aws\"]",
      "instances": [
        {
          "schema_version": 1,
          "attributes": {
            "arn": "arn:aws:dynamodb:us-east-1:717279717338:table/dev-app-table",
            "attribute": [
              {
                "name": "id",
                "type": "S"
              }
            ],
            "billing_mode": "PAY_PER_REQUEST",
            "deletion_protection_enabled": false,
            "global_secondary_index": [],
            "hash_key": "id",
            "id": "dev-app-table",
            "import_table": [],
            "local_secondary_index": [],
            "name": "dev-app-table",
            "on_demand_throughput": [],
            "point_in_time_recovery": [
              {
                "enabled": false
              }
            ],
            "range_key": null,
            "read_capacity": 0,
            "replica": [],
            "restore_date_time": null,
            "restore_source_name": null,
            "restore_source_table_arn": null,
            "restore_to_latest_time": null,
            "server_side_encryption": [],
            "stream_arn": "",
            "stream_enabled": false,
            "stream_label": "",
            "stream_view_type": "",
            "table_class": "STANDARD",
            "tags": {
              "Environment": "dev",
              "Project": "NTI"
            },
            "tags_all": {
              "Environment": "dev",
              "Project": "NTI"
            },
            "timeouts": null,
            "ttl": [
              {
                "attribute_name": "",
                "enabled": false
              }
            ],
            "write_capacity": 0
          },
          "sensitive_attributes": [],
          "private": "eyJlMmJmYjczMC1lY2FhLTExZTYtOGY4OC0zNDM2M2JjN2M0YzAiOnsiY3JlYXRlIjoxODAwMDAwMDAwMDAwLCJkZWxldGUiOjYwMDAwMDAwMDAwMCwidXBkYXRlIjozNjAwMDAwMDAwMDAwfSwic2NoZW1hX3ZlcnNpb24iOiIxIn0="
        }
      ]
    },
    {
      "mode": "managed",
      "type": "aws_ecr_repository",
      "name": "project_repo",
      "provider": "provider[\"registry.terraform.io/hashicorp/aws\"]",
      "instances": [
        {
          "schema_version": 0,
          "attributes": {
            "arn": "arn:aws:ecr:us-east-1:717279717338:repository/nti-repo",
            "encryption_configuration": [
              {
                "encryption_type": "AES256",
                "kms_key": ""
              }
            ],
            "force_delete": null,
            "id": "nti-repo",
            "image_scanning_configuration": [
              {
                "scan_on_push": true
              }
            ],
            "image_tag_mutability": "MUTABLE",
            "name": "nti-repo",
            "registry_id": "717279717338",
            "repository_url": "717279717338.dkr.ecr.us-east-1.amazonaws.com/nti-repo",
            "tags": null,
            "tags_all": {},
            "timeouts": null
          },
          "sensitive_attributes": [],
          "private": "eyJlMmJmYjczMC1lY2FhLTExZTYtOGY4OC0zNDM2M2JjN2M0YzAiOnsiZGVsZXRlIjoxMjAwMDAwMDAwMDAwfX0="
        }
      ]
    },
    {
      "mode": "managed",
      "type": "aws_eks_cluster",
      "name": "project",
      "provider": "provider[\"registry.terraform.io/hashicorp/aws\"]",
      "instances": [
        {
          "schema_version": 1,
          "attributes": {
            "access_config": [
              {
                "authentication_mode": "CONFIG_MAP",
                "bootstrap_cluster_creator_admin_permissions": true
              }
            ],
            "arn": "arn:aws:eks:us-east-1:717279717338:cluster/dev-my-cluster",
            "bootstrap_self_managed_addons": true,
            "certificate_authority": [
              {
                "data": "LS0tLS1CRUdJTiBDRVJUSUZJQ0FURS0tLS0tCk1JSURCVENDQWUyZ0F3SUJBZ0lJRElvRDZ5VlVTdEF3RFFZSktvWklodmNOQVFFTEJRQXdGVEVUTUJFR0ExVUUKQXhNS2EzVmlaWEp1WlhSbGN6QWVGdzB5TkRFeU1ERXhOak15TkRaYUZ3MHpOREV4TWpreE5qTTNORFphTUJVeApFekFSQmdOVkJBTVRDbXQxWW1WeWJtVjBaWE13Z2dFaU1BMEdDU3FHU0liM0RRRUJBUVVBQTRJQkR3QXdnZ0VLCkFvSUJBUURNWlRiOFFZbkRqVE42SE82b1IvTWFLWjVpTlFNdXpsd0hKbjg2M3N5N3JDVTYya0FRRTBhMVRCOU0Kd0ZlaW5GUi93aVBzdzJXOUd0STdxTTNxWnVQM0JaQjEzYzlhSUUzQjc5MFdKUGRiR2RSRzNIdTNqaGdoNlNiOAptbUdwdVgySXoreG9sYmtlR2t3U3N4ZEZLSUYwRDRvcXhEdnVsRkQ1QUIzbEEyTGlzcll3Nk03ejlueDM0bW1WCk50aWpCaCthZE5GaXMxYlgzWGRYSWlBLzM0WmVVcXNDR0FaY0QxSURyaWN1N285Rk5Dci96NUxZMGtkcUhsRWEKc2lqNVZrZkc1MFBVN2V6eG9yMGtPYjNSaGtmZm5yUHBjMkRxVi9YcUczNERZRlBkMFRLamc2T1lVUmd6bXlnbwpmekc3QTV0QU4zL3phNWliSjZVSVI0dE5mbGNGQWdNQkFBR2pXVEJYTUE0R0ExVWREd0VCL3dRRUF3SUNwREFQCkJnTlZIUk1CQWY4RUJUQURBUUgvTUIwR0ExVWREZ1FXQkJTSDNmaGV2bDdMc0xrSE9VcXZZKytjUng4bEJEQVYKQmdOVkhSRUVEakFNZ2dwcmRXSmxjbTVsZEdWek1BMEdDU3FHU0liM0RRRUJDd1VBQTRJQkFRQi9RU0VpYThXeQpBNEI0REpVZk9aVUxWSzh3ZFJlK1F0U0ViLzQ1UEpQM1AzeGdoQkIzYlVjQjMxbkNGTm5wMVJ1QnM2eHNnaXUvCldQVjNGMzR4Q010MHVxZHd5YWwyNk1ob3VYb1VxVU1NZWY0M1ZJd1RsWS8yNjVpd1NuVmRHYVNrSUk2cFVyU2IKWEdnTWloMHhvWGE1QWI1cjNyZGtjZUJvNERHZ1dOd1Y3aGhVOFBmYzN1NTNyM0Vzam5QTXZObXBKZi9LdVI5ZgpMcGU5V0hDa2pXRy9xMFFwQnJhTU9ScEl2dFQ4RXZDOEVvQW5Jd0xNT2dWdXNGalI0RDM0TWRJTUdlRzh1R1R4CktFV1F2TFROVGhBVHVjZmtuQzJ4S0tqeU5HSFhEbnlsZlFZaGR6bjhxNUN3N1lKNExQRTVYa3VwREw5M00rRXEKVkpWT2NBd0ozTWRvCi0tLS0tRU5EIENFUlRJRklDQVRFLS0tLS0K"
              }
            ],
            "cluster_id": null,
            "created_at": "2024-12-01T16:32:41Z",
            "enabled_cluster_log_types": null,
            "encryption_config": [],
            "endpoint": "https://BB126A8CB3B1AA77F74DBBD6C6A18B29.gr7.us-east-1.eks.amazonaws.com",
            "id": "dev-my-cluster",
            "identity": [
              {
                "oidc": [
                  {
                    "issuer": "https://oidc.eks.us-east-1.amazonaws.com/id/BB126A8CB3B1AA77F74DBBD6C6A18B29"
                  }
                ]
              }
            ],
            "kubernetes_network_config": [
              {
                "ip_family": "ipv4",
                "service_ipv4_cidr": "172.20.0.0/16",
                "service_ipv6_cidr": ""
              }
            ],
            "name": "dev-my-cluster",
            "outpost_config": [],
            "platform_version": "eks.12",
            "role_arn": "arn:aws:iam::717279717338:role/eks-worker-role-2",
            "status": "ACTIVE",
            "tags": null,
            "tags_all": {},
            "timeouts": null,
            "upgrade_policy": [
              {
                "support_type": "EXTENDED"
              }
            ],
            "version": "1.31",
            "vpc_config": [
              {
                "cluster_security_group_id": "sg-0b07d5a3819445032",
                "endpoint_private_access": false,
                "endpoint_public_access": true,
                "public_access_cidrs": [
                  "0.0.0.0/0"
                ],
                "security_group_ids": null,
                "subnet_ids": [
                  "subnet-0119bf6bae71a67aa",
                  "subnet-08b2d4dbf149ac99b"
                ],
                "vpc_id": "vpc-0a5a6ef0c6cda265b"
              }
            ],
            "zonal_shift_config": []
          },
          "sensitive_attributes": [],
          "private": "eyJlMmJmYjczMC1lY2FhLTExZTYtOGY4OC0zNDM2M2JjN2M0YzAiOnsiY3JlYXRlIjoxODAwMDAwMDAwMDAwLCJkZWxldGUiOjkwMDAwMDAwMDAwMCwidXBkYXRlIjozNjAwMDAwMDAwMDAwfSwic2NoZW1hX3ZlcnNpb24iOiIxIn0=",
          "dependencies": [
            "aws_iam_role.eks_worker_role",
            "aws_iam_role_policy_attachment.AmazonEC2ContainerRegistryReadOnly",
            "aws_iam_role_policy_attachment.AmazonEKSWorkerNodePolicy",
            "aws_iam_role_policy_attachment.AmazonEKS_CNI_Policy",
            "aws_subnet.project",
            "aws_vpc.project",
            "data.aws_availability_zones.available"
          ]
        }
      ]
    },
    {
      "mode": "managed",
      "type": "aws_eks_node_group",
      "name": "project",
      "provider": "provider[\"registry.terraform.io/hashicorp/aws\"]",
      "instances": [
        {
          "status": "tainted",
          "schema_version": 0,
          "attributes": {
            "ami_type": null,
            "arn": null,
            "capacity_type": null,
            "cluster_name": "dev-my-cluster",
            "disk_size": null,
            "force_update_version": null,
            "id": "dev-my-cluster:dev-worker-group",
            "instance_types": [
              "t3.micro"
            ],
            "labels": null,
            "launch_template": [],
            "node_group_name": "dev-worker-group",
            "node_group_name_prefix": null,
            "node_role_arn": "arn:aws:iam::717279717338:role/eks-worker-role",
            "release_version": null,
            "remote_access": [],
            "resources": null,
            "scaling_config": [
              {
                "desired_size": 1,
                "max_size": 1,
                "min_size": 1
              }
            ],
            "status": null,
            "subnet_ids": [
              "subnet-0119bf6bae71a67aa",
              "subnet-08b2d4dbf149ac99b"
            ],
            "tags": {
              "Name": "project-node-group"
            },
            "tags_all": {
              "Name": "project-node-group"
            },
            "taint": [],
            "timeouts": null,
            "update_config": [
              {
                "max_unavailable": 1,
                "max_unavailable_percentage": 0
              }
            ],
            "version": null
          },
          "sensitive_attributes": [],
          "private": "eyJlMmJmYjczMC1lY2FhLTExZTYtOGY4OC0zNDM2M2JjN2M0YzAiOnsiY3JlYXRlIjozNjAwMDAwMDAwMDAwLCJkZWxldGUiOjM2MDAwMDAwMDAwMDAsInVwZGF0ZSI6MzYwMDAwMDAwMDAwMH19",
          "dependencies": [
            "aws_eks_cluster.project",
            "aws_iam_role.eks_node_role",
            "aws_iam_role.eks_worker_role",
            "aws_iam_role_policy_attachment.AmazonEC2ContainerRegistryReadOnly",
            "aws_iam_role_policy_attachment.AmazonEKSWorkerNodePolicy",
            "aws_iam_role_policy_attachment.AmazonEKS_CNI_Policy",
            "aws_subnet.project",
            "aws_vpc.project",
            "data.aws_availability_zones.available"
          ]
        }
      ]
    },
    {
      "mode": "managed",
      "type": "aws_iam_policy",
      "name": "backup_policy",
      "provider": "provider[\"registry.terraform.io/hashicorp/aws\"]",
      "instances": [
        {
          "schema_version": 0,
          "attributes": {
            "arn": "arn:aws:iam::717279717338:policy/backup-policy",
            "attachment_count": 0,
            "description": "Policy for backup",
            "id": "arn:aws:iam::717279717338:policy/backup-policy",
            "name": "backup-policy",
            "name_prefix": "",
            "path": "/",
            "policy": "{\"Statement\":[{\"Action\":\"tag:GetResources\",\"Effect\":\"Allow\",\"Resource\":\"*\",\"Sid\":\"AllowGetResources\"}],\"Version\":\"2012-10-17\"}",
            "policy_id": "ANPA2OAJT47NFWNDBINZL",
            "tags": null,
            "tags_all": {}
          },
          "sensitive_attributes": [],
          "private": "bnVsbA=="
        }
      ]
    },
    {
      "mode": "managed",
      "type": "aws_iam_role",
      "name": "backup_role",
      "provider": "provider[\"registry.terraform.io/hashicorp/aws\"]",
      "instances": [
        {
          "schema_version": 0,
          "attributes": {
            "arn": "arn:aws:iam::717279717338:role/backup-role",
            "assume_role_policy": "{\"Statement\":[{\"Action\":\"sts:AssumeRole\",\"Effect\":\"Allow\",\"Principal\":{\"Service\":\"backup.amazonaws.com\"}}],\"Version\":\"2012-10-17\"}",
            "create_date": "2024-12-01T16:32:21Z",
            "description": "Role for backup",
            "force_detach_policies": false,
            "id": "backup-role",
            "inline_policy": [],
            "managed_policy_arns": [],
            "max_session_duration": 3600,
            "name": "backup-role",
            "name_prefix": "",
            "path": "/",
            "permissions_boundary": "",
            "tags": null,
            "tags_all": {},
            "unique_id": "AROA2OAJT47NLX7GUCJTS"
          },
          "sensitive_attributes": [],
          "private": "bnVsbA=="
        }
      ]
    },
    {
      "mode": "managed",
      "type": "aws_iam_role",
      "name": "eks_node_role",
      "provider": "provider[\"registry.terraform.io/hashicorp/aws\"]",
      "instances": [
        {
          "schema_version": 0,
          "attributes": {
            "arn": "arn:aws:iam::717279717338:role/eks-worker-role",
            "assume_role_policy": "{\"Statement\":[{\"Action\":\"sts:AssumeRole\",\"Effect\":\"Allow\",\"Principal\":{\"Service\":[\"ec2.amazonaws.com\",\"eks.amazonaws.com\"]}}],\"Version\":\"2012-10-17\"}",
            "create_date": "2024-12-01T16:32:21Z",
            "description": "Role for EKS worker node",
            "force_detach_policies": false,
            "id": "eks-worker-role",
            "inline_policy": [],
            "managed_policy_arns": [],
            "max_session_duration": 3600,
            "name": "eks-worker-role",
            "name_prefix": "",
            "path": "/",
            "permissions_boundary": "",
            "tags": null,
            "tags_all": {},
            "unique_id": "AROA2OAJT47NO3LZPQSXE"
          },
          "sensitive_attributes": [],
          "private": "bnVsbA=="
        }
      ]
    },
    {
      "mode": "managed",
      "type": "aws_iam_role",
      "name": "eks_worker_role",
      "provider": "provider[\"registry.terraform.io/hashicorp/aws\"]",
      "instances": [
        {
          "schema_version": 0,
          "attributes": {
            "arn": "arn:aws:iam::717279717338:role/eks-worker-role-2",
            "assume_role_policy": "{\"Statement\":[{\"Action\":\"sts:AssumeRole\",\"Effect\":\"Allow\",\"Principal\":{\"Service\":[\"ec2.amazonaws.com\",\"eks.amazonaws.com\"]}}],\"Version\":\"2012-10-17\"}",
            "create_date": "2024-12-01T16:32:21Z",
            "description": "",
            "force_detach_policies": false,
            "id": "eks-worker-role-2",
            "inline_policy": [],
            "managed_policy_arns": [],
            "max_session_duration": 3600,
            "name": "eks-worker-role-2",
            "name_prefix": "",
            "path": "/",
            "permissions_boundary": "",
            "tags": null,
            "tags_all": {},
            "unique_id": "AROA2OAJT47NJ6BHAWZX6"
          },
          "sensitive_attributes": [],
          "private": "bnVsbA=="
        }
      ]
    },
    {
      "mode": "managed",
      "type": "aws_iam_role_policy_attachment",
      "name": "AmazonEC2ContainerRegistryReadOnly",
      "provider": "provider[\"registry.terraform.io/hashicorp/aws\"]",
      "instances": [
        {
          "schema_version": 0,
          "attributes": {
            "id": "eks-worker-role-2-20241201163212814100000004",
            "policy_arn": "arn:aws:iam::aws:policy/AmazonEC2ContainerRegistryReadOnly",
            "role": "eks-worker-role-2"
          },
          "sensitive_attributes": [],
          "private": "bnVsbA==",
          "dependencies": [
            "aws_iam_role.eks_worker_role"
          ]
        }
      ]
    },
    {
      "mode": "managed",
      "type": "aws_iam_role_policy_attachment",
      "name": "AmazonEKSWorkerNodePolicy",
      "provider": "provider[\"registry.terraform.io/hashicorp/aws\"]",
      "instances": [
        {
          "schema_version": 0,
          "attributes": {
            "id": "eks-worker-role-2-20241201163212813900000003",
            "policy_arn": "arn:aws:iam::aws:policy/AmazonEKSWorkerNodePolicy",
            "role": "eks-worker-role-2"
          },
          "sensitive_attributes": [],
          "private": "bnVsbA==",
          "dependencies": [
            "aws_iam_role.eks_worker_role"
          ]
        }
      ]
    },
    {
      "mode": "managed",
      "type": "aws_iam_role_policy_attachment",
      "name": "AmazonEKS_CNI_Policy",
      "provider": "provider[\"registry.terraform.io/hashicorp/aws\"]",
      "instances": [
        {
          "schema_version": 0,
          "attributes": {
            "id": "eks-worker-role-2-20241201163212813300000002",
            "policy_arn": "arn:aws:iam::aws:policy/AmazonEKS_CNI_Policy",
            "role": "eks-worker-role-2"
          },
          "sensitive_attributes": [],
          "private": "bnVsbA==",
          "dependencies": [
            "aws_iam_role.eks_worker_role"
          ]
        }
      ]
    },
    {
      "mode": "managed",
      "type": "aws_iam_role_policy_attachment",
      "name": "backup_policy_attachment",
      "provider": "provider[\"registry.terraform.io/hashicorp/aws\"]",
      "instances": [
        {
          "schema_version": 0,
          "attributes": {
            "id": "backup-role-20241201163212813300000001",
            "policy_arn": "arn:aws:iam::717279717338:policy/backup-policy",
            "role": "backup-role"
          },
          "sensitive_attributes": [],
          "private": "bnVsbA==",
          "dependencies": [
            "aws_iam_policy.backup_policy",
            "aws_iam_role.backup_role"
          ]
        }
      ]
    },
    {
      "mode": "managed",
      "type": "aws_iam_role_policy_attachment",
      "name": "eks_node_policy",
      "provider": "provider[\"registry.terraform.io/hashicorp/aws\"]",
      "instances": [
        {
          "schema_version": 0,
          "attributes": {
            "id": "eks-worker-role-20241201163213062400000005",
            "policy_arn": "arn:aws:iam::aws:policy/AmazonEKSWorkerNodePolicy",
            "role": "eks-worker-role"
          },
          "sensitive_attributes": [],
          "private": "bnVsbA==",
          "dependencies": [
            "aws_iam_role.eks_node_role"
          ]
        }
      ]
    },
    {
      "mode": "managed",
      "type": "aws_instance",
      "name": "ec2",
      "provider": "provider[\"registry.terraform.io/hashicorp/aws\"]",
      "instances": [
        {
          "schema_version": 1,
          "attributes": {
            "ami": "ami-005fc0f236362e99f",
            "arn": "arn:aws:ec2:us-east-1:717279717338:instance/i-0d596d05894ecee86",
            "associate_public_ip_address": true,
            "availability_zone": "us-east-1a",
            "capacity_reservation_specification": [
              {
                "capacity_reservation_preference": "open",
                "capacity_reservation_target": []
              }
            ],
            "cpu_core_count": 1,
            "cpu_options": [
              {
                "amd_sev_snp": "",
                "core_count": 1,
                "threads_per_core": 1
              }
            ],
            "cpu_threads_per_core": 1,
            "credit_specification": [
              {
                "cpu_credits": "standard"
              }
            ],
            "disable_api_stop": false,
            "disable_api_termination": false,
            "ebs_block_device": [],
            "ebs_optimized": false,
            "enclave_options": [
              {
                "enabled": false
              }
            ],
            "ephemeral_block_device": [],
            "get_password_data": false,
            "hibernation": false,
            "host_id": "",
            "host_resource_group_arn": null,
            "iam_instance_profile": "",
            "id": "i-0d596d05894ecee86",
            "instance_initiated_shutdown_behavior": "stop",
            "instance_lifecycle": "",
            "instance_market_options": [],
            "instance_state": "running",
            "instance_type": "t2.micro",
            "ipv6_address_count": 0,
            "ipv6_addresses": [],
            "key_name": "ansible_keypair",
            "launch_template": [],
            "maintenance_options": [
              {
                "auto_recovery": "default"
              }
            ],
            "metadata_options": [
              {
                "http_endpoint": "enabled",
                "http_protocol_ipv6": "disabled",
                "http_put_response_hop_limit": 1,
                "http_tokens": "optional",
                "instance_metadata_tags": "disabled"
              }
            ],
            "monitoring": false,
            "network_interface": [],
            "outpost_arn": "",
            "password_data": "",
            "placement_group": "",
            "placement_partition_number": 0,
            "primary_network_interface_id": "eni-0db27abb088b98716",
            "private_dns": "ip-10-0-0-76.ec2.internal",
            "private_dns_name_options": [
              {
                "enable_resource_name_dns_a_record": false,
                "enable_resource_name_dns_aaaa_record": false,
                "hostname_type": "ip-name"
              }
            ],
            "private_ip": "10.0.0.76",
            "public_dns": "",
            "public_ip": "44.201.233.234",
            "root_block_device": [
              {
                "delete_on_termination": true,
                "device_name": "/dev/sda1",
                "encrypted": false,
                "iops": 100,
                "kms_key_id": "",
                "tags": {},
                "tags_all": {},
                "throughput": 0,
                "volume_id": "vol-028af5e2171e49e26",
                "volume_size": 8,
                "volume_type": "gp2"
              }
            ],
            "secondary_private_ips": [],
            "security_groups": [],
            "source_dest_check": true,
            "spot_instance_request_id": "",
            "subnet_id": "subnet-08b2d4dbf149ac99b",
            "tags": {
              "Name": "Terraform-EC2"
            },
            "tags_all": {
              "Name": "Terraform-EC2"
            },
            "tenancy": "default",
            "timeouts": null,
            "user_data": "beac504fb460f6588bc7a5a20720c0524129ed82",
            "user_data_base64": null,
            "user_data_replace_on_change": false,
            "volume_tags": null,
            "vpc_security_group_ids": [
              "sg-0307de89b39fa2663"
            ]
          },
          "sensitive_attributes": [],
          "private": "eyJlMmJmYjczMC1lY2FhLTExZTYtOGY4OC0zNDM2M2JjN2M0YzAiOnsiY3JlYXRlIjo2MDAwMDAwMDAwMDAsImRlbGV0ZSI6MTIwMDAwMDAwMDAwMCwicmVhZCI6OTAwMDAwMDAwMDAwLCJ1cGRhdGUiOjYwMDAwMDAwMDAwMH0sInNjaGVtYV92ZXJzaW9uIjoiMSJ9",
          "dependencies": [
            "aws_key_pair.ec2_key",
            "aws_security_group.ec2_sg",
            "aws_subnet.project",
            "aws_vpc.project",
            "data.aws_availability_zones.available",
            "tls_private_key.key_pair"
          ]
        }
      ]
    },
    {
      "mode": "managed",
      "type": "aws_instance",
      "name": "jenkins_instance",
      "provider": "provider[\"registry.terraform.io/hashicorp/aws\"]",
      "instances": [
        {
          "schema_version": 1,
          "attributes": {
            "ami": "ami-005fc0f236362e99f",
            "arn": "arn:aws:ec2:us-east-1:717279717338:instance/i-036dbc55564e12284",
            "associate_public_ip_address": true,
            "availability_zone": "us-east-1a",
            "capacity_reservation_specification": [
              {
                "capacity_reservation_preference": "open",
                "capacity_reservation_target": []
              }
            ],
            "cpu_core_count": 1,
            "cpu_options": [
              {
                "amd_sev_snp": "",
                "core_count": 1,
                "threads_per_core": 1
              }
            ],
            "cpu_threads_per_core": 1,
            "credit_specification": [
              {
                "cpu_credits": "standard"
              }
            ],
            "disable_api_stop": false,
            "disable_api_termination": false,
            "ebs_block_device": [],
            "ebs_optimized": false,
            "enclave_options": [
              {
                "enabled": false
              }
            ],
            "ephemeral_block_device": [],
            "get_password_data": false,
            "hibernation": false,
            "host_id": "",
            "host_resource_group_arn": null,
            "iam_instance_profile": "",
            "id": "i-036dbc55564e12284",
            "instance_initiated_shutdown_behavior": "stop",
            "instance_lifecycle": "",
            "instance_market_options": [],
            "instance_state": "running",
            "instance_type": "t2.micro",
            "ipv6_address_count": 0,
            "ipv6_addresses": [],
            "key_name": "",
            "launch_template": [],
            "maintenance_options": [
              {
                "auto_recovery": "default"
              }
            ],
            "metadata_options": [
              {
                "http_endpoint": "enabled",
                "http_protocol_ipv6": "disabled",
                "http_put_response_hop_limit": 1,
                "http_tokens": "optional",
                "instance_metadata_tags": "disabled"
              }
            ],
            "monitoring": false,
            "network_interface": [],
            "outpost_arn": "",
            "password_data": "",
            "placement_group": "",
            "placement_partition_number": 0,
            "primary_network_interface_id": "eni-02903ac569f83718f",
            "private_dns": "ip-10-0-0-232.ec2.internal",
            "private_dns_name_options": [
              {
                "enable_resource_name_dns_a_record": false,
                "enable_resource_name_dns_aaaa_record": false,
                "hostname_type": "ip-name"
              }
            ],
            "private_ip": "10.0.0.232",
            "public_dns": "",
            "public_ip": "54.210.68.96",
            "root_block_device": [
              {
                "delete_on_termination": true,
                "device_name": "/dev/sda1",
                "encrypted": false,
                "iops": 100,
                "kms_key_id": "",
                "tags": {},
                "tags_all": {},
                "throughput": 0,
                "volume_id": "vol-09c5adbcd0456141b",
                "volume_size": 8,
                "volume_type": "gp2"
              }
            ],
            "secondary_private_ips": [],
            "security_groups": [],
            "source_dest_check": true,
            "spot_instance_request_id": "",
            "subnet_id": "subnet-08b2d4dbf149ac99b",
            "tags": null,
            "tags_all": {},
            "tenancy": "default",
            "timeouts": null,
            "user_data": null,
            "user_data_base64": null,
            "user_data_replace_on_change": false,
            "volume_tags": null,
            "vpc_security_group_ids": [
              "sg-01924f3e5d0ad322d"
            ]
          },
          "sensitive_attributes": [],
          "private": "eyJlMmJmYjczMC1lY2FhLTExZTYtOGY4OC0zNDM2M2JjN2M0YzAiOnsiY3JlYXRlIjo2MDAwMDAwMDAwMDAsImRlbGV0ZSI6MTIwMDAwMDAwMDAwMCwicmVhZCI6OTAwMDAwMDAwMDAwLCJ1cGRhdGUiOjYwMDAwMDAwMDAwMH0sInNjaGVtYV92ZXJzaW9uIjoiMSJ9",
          "dependencies": [
            "aws_security_group.project",
            "aws_subnet.project",
            "aws_vpc.project",
            "data.aws_availability_zones.available"
          ]
        }
      ]
    },
    {
      "mode": "managed",
      "type": "aws_internet_gateway",
      "name": "project_igw",
      "provider": "provider[\"registry.terraform.io/hashicorp/aws\"]",
      "instances": [
        {
          "schema_version": 0,
          "attributes": {
            "arn": "arn:aws:ec2:us-east-1:717279717338:internet-gateway/igw-0c82aa49280d5ca81",
            "id": "igw-0c82aa49280d5ca81",
            "owner_id": "717279717338",
            "tags": null,
            "tags_all": {},
            "timeouts": null,
            "vpc_id": "vpc-0a5a6ef0c6cda265b"
          },
          "sensitive_attributes": [],
          "private": "eyJlMmJmYjczMC1lY2FhLTExZTYtOGY4OC0zNDM2M2JjN2M0YzAiOnsiY3JlYXRlIjoxMjAwMDAwMDAwMDAwLCJkZWxldGUiOjEyMDAwMDAwMDAwMDAsInVwZGF0ZSI6MTIwMDAwMDAwMDAwMH19",
          "dependencies": [
            "aws_vpc.project"
          ]
        }
      ]
    },
    {
      "mode": "managed",
      "type": "aws_key_pair",
      "name": "ec2_key",
      "provider": "provider[\"registry.terraform.io/hashicorp/aws\"]",
      "instances": [
        {
          "schema_version": 1,
          "attributes": {
            "arn": "arn:aws:ec2:us-east-1:717279717338:key-pair/ansible_keypair",
            "fingerprint": "e3:cd:1d:1a:cd:90:8a:01:cb:82:58:93:14:26:68:51",
            "id": "ansible_keypair",
            "key_name": "ansible_keypair",
            "key_name_prefix": "",
            "key_pair_id": "key-039c9fafaca37df3d",
            "key_type": "rsa",
            "public_key": "ssh-rsa AAAAB3NzaC1yc2EAAAADAQABAAABAQDRmzGu1AIbPa3XU/SJM5JtgLr3TCp/TGtkPqW1SBKASqsgLS5bBtbRMswWeONgD4oI2hcUJtuY/pf9Mmz6/qUoi9NrBh3feXSSjsbRYMmeBRlBEAXUkUr5CR3K6EcJgQX0nmq9LoOqWvJgs/Ob3oHTtwv97c+AiBxxYYORD06yOMLz3XgQ2E34nP+gLoFnTwHXuUOTXNHg6jGTlFdZ5A6Cdu0v4wlFeBQy2seQouJRj/ilFDGKwVfO+KfGwUqdFou7GxYPu2VO5/FvnFve7MR/q/Gj1flIkoPsAiy8u00bCk/jD7a0+hhmdETbejRM7WN3/rT9lWK0F0Ql1bRcKhph",
            "tags": null,
            "tags_all": {}
          },
          "sensitive_attributes": [],
          "private": "eyJzY2hlbWFfdmVyc2lvbiI6IjEifQ==",
          "dependencies": [
            "tls_private_key.key_pair"
          ]
        }
      ]
    },
    {
      "mode": "managed",
      "type": "aws_lb",
      "name": "project_lb",
      "provider": "provider[\"registry.terraform.io/hashicorp/aws\"]",
      "instances": [
        {
          "schema_version": 0,
          "attributes": {
            "access_logs": [
              {
                "bucket": "",
                "enabled": false,
                "prefix": ""
              }
            ],
            "arn": "arn:aws:elasticloadbalancing:us-east-1:717279717338:loadbalancer/app/project-lb/426e3b94c4ae4c11",
            "arn_suffix": "app/project-lb/426e3b94c4ae4c11",
            "client_keep_alive": 3600,
            "connection_logs": [
              {
                "bucket": "",
                "enabled": false,
                "prefix": ""
              }
            ],
            "customer_owned_ipv4_pool": "",
            "desync_mitigation_mode": "defensive",
            "dns_name": "project-lb-1271157595.us-east-1.elb.amazonaws.com",
            "dns_record_client_routing_policy": null,
            "drop_invalid_header_fields": false,
            "enable_cross_zone_load_balancing": true,
            "enable_deletion_protection": false,
            "enable_http2": true,
            "enable_tls_version_and_cipher_suite_headers": false,
            "enable_waf_fail_open": false,
            "enable_xff_client_port": false,
            "enable_zonal_shift": false,
            "enforce_security_group_inbound_rules_on_private_link_traffic": "",
            "id": "arn:aws:elasticloadbalancing:us-east-1:717279717338:loadbalancer/app/project-lb/426e3b94c4ae4c11",
            "idle_timeout": 60,
            "internal": false,
            "ip_address_type": "ipv4",
            "load_balancer_type": "application",
            "name": "project-lb",
            "name_prefix": "",
            "preserve_host_header": false,
            "security_groups": [
              "sg-01924f3e5d0ad322d"
            ],
            "subnet_mapping": [
              {
                "allocation_id": "",
                "ipv6_address": "",
                "outpost_id": "",
                "private_ipv4_address": "",
                "subnet_id": "subnet-0119bf6bae71a67aa"
              },
              {
                "allocation_id": "",
                "ipv6_address": "",
                "outpost_id": "",
                "private_ipv4_address": "",
                "subnet_id": "subnet-08b2d4dbf149ac99b"
              }
            ],
            "subnets": [
              "subnet-0119bf6bae71a67aa",
              "subnet-08b2d4dbf149ac99b"
            ],
            "tags": null,
            "tags_all": {},
            "timeouts": null,
            "vpc_id": "vpc-0a5a6ef0c6cda265b",
            "xff_header_processing_mode": "append",
            "zone_id": "Z35SXDOTRQ7X7K"
          },
          "sensitive_attributes": [],
          "private": "eyJlMmJmYjczMC1lY2FhLTExZTYtOGY4OC0zNDM2M2JjN2M0YzAiOnsiY3JlYXRlIjo2MDAwMDAwMDAwMDAsImRlbGV0ZSI6NjAwMDAwMDAwMDAwLCJ1cGRhdGUiOjYwMDAwMDAwMDAwMH19",
          "dependencies": [
            "aws_security_group.project",
            "aws_subnet.project",
            "aws_vpc.project",
            "data.aws_availability_zones.available"
          ]
        }
      ]
    },
    {
      "mode": "managed",
      "type": "aws_route_table",
      "name": "project_rt",
      "provider": "provider[\"registry.terraform.io/hashicorp/aws\"]",
      "instances": [
        {
          "schema_version": 0,
          "attributes": {
            "arn": "arn:aws:ec2:us-east-1:717279717338:route-table/rtb-049f1028807ed8906",
            "id": "rtb-049f1028807ed8906",
            "owner_id": "717279717338",
            "propagating_vgws": [],
            "route": [
              {
                "carrier_gateway_id": "",
                "cidr_block": "0.0.0.0/0",
                "core_network_arn": "",
                "destination_prefix_list_id": "",
                "egress_only_gateway_id": "",
                "gateway_id": "igw-0c82aa49280d5ca81",
                "ipv6_cidr_block": "",
                "local_gateway_id": "",
                "nat_gateway_id": "",
                "network_interface_id": "",
                "transit_gateway_id": "",
                "vpc_endpoint_id": "",
                "vpc_peering_connection_id": ""
              }
            ],
            "tags": null,
            "tags_all": {},
            "timeouts": null,
            "vpc_id": "vpc-0a5a6ef0c6cda265b"
          },
          "sensitive_attributes": [],
          "private": "eyJlMmJmYjczMC1lY2FhLTExZTYtOGY4OC0zNDM2M2JjN2M0YzAiOnsiY3JlYXRlIjozMDAwMDAwMDAwMDAsImRlbGV0ZSI6MzAwMDAwMDAwMDAwLCJ1cGRhdGUiOjEyMDAwMDAwMDAwMH19",
          "dependencies": [
            "aws_internet_gateway.project_igw",
            "aws_vpc.project"
          ]
        }
      ]
    },
    {
      "mode": "managed",
      "type": "aws_route_table_association",
      "name": "project_rt_association",
      "provider": "provider[\"registry.terraform.io/hashicorp/aws\"]",
      "instances": [
        {
          "index_key": 0,
          "schema_version": 0,
          "attributes": {
            "gateway_id": "",
            "id": "rtbassoc-0f41a1d30eff9fea3",
            "route_table_id": "rtb-049f1028807ed8906",
            "subnet_id": "subnet-08b2d4dbf149ac99b",
            "timeouts": null
          },
          "sensitive_attributes": [],
          "private": "eyJlMmJmYjczMC1lY2FhLTExZTYtOGY4OC0zNDM2M2JjN2M0YzAiOnsiY3JlYXRlIjozMDAwMDAwMDAwMDAsImRlbGV0ZSI6MzAwMDAwMDAwMDAwLCJ1cGRhdGUiOjEyMDAwMDAwMDAwMH19",
          "dependencies": [
            "aws_internet_gateway.project_igw",
            "aws_route_table.project_rt",
            "aws_subnet.project",
            "aws_vpc.project",
            "data.aws_availability_zones.available"
          ]
        },
        {
          "index_key": 1,
          "schema_version": 0,
          "attributes": {
            "gateway_id": "",
            "id": "rtbassoc-0b5d29d43bc622013",
            "route_table_id": "rtb-049f1028807ed8906",
            "subnet_id": "subnet-0119bf6bae71a67aa",
            "timeouts": null
          },
          "sensitive_attributes": [],
          "private": "eyJlMmJmYjczMC1lY2FhLTExZTYtOGY4OC0zNDM2M2JjN2M0YzAiOnsiY3JlYXRlIjozMDAwMDAwMDAwMDAsImRlbGV0ZSI6MzAwMDAwMDAwMDAwLCJ1cGRhdGUiOjEyMDAwMDAwMDAwMH19",
          "dependencies": [
            "aws_internet_gateway.project_igw",
            "aws_route_table.project_rt",
            "aws_subnet.project",
            "aws_vpc.project",
            "data.aws_availability_zones.available"
          ]
        }
      ]
    },
    {
      "mode": "managed",
      "type": "aws_s3_bucket",
      "name": "elb_logs",
      "provider": "provider[\"registry.terraform.io/hashicorp/aws\"]",
      "instances": [
        {
          "schema_version": 0,
          "attributes": {
            "acceleration_status": "",
            "acl": null,
            "arn": "arn:aws:s3:::nti-elb-logs-bucket",
            "bucket": "nti-elb-logs-bucket",
            "bucket_domain_name": "nti-elb-logs-bucket.s3.amazonaws.com",
            "bucket_prefix": "",
            "bucket_regional_domain_name": "nti-elb-logs-bucket.s3.us-east-1.amazonaws.com",
            "cors_rule": [],
            "force_destroy": false,
            "grant": [
              {
                "id": "a5b3f1bea483e62585d801674d785aacb99816e75b053af914b8dc7e9c6c3c25",
                "permissions": [
                  "FULL_CONTROL"
                ],
                "type": "CanonicalUser",
                "uri": ""
              }
            ],
            "hosted_zone_id": "Z3AQBSTGFYJSTF",
            "id": "nti-elb-logs-bucket",
            "lifecycle_rule": [],
            "logging": [],
            "object_lock_configuration": [],
            "object_lock_enabled": false,
            "policy": "",
            "region": "us-east-1",
            "replication_configuration": [],
            "request_payer": "BucketOwner",
            "server_side_encryption_configuration": [
              {
                "rule": [
                  {
                    "apply_server_side_encryption_by_default": [
                      {
                        "kms_master_key_id": "",
                        "sse_algorithm": "AES256"
                      }
                    ],
                    "bucket_key_enabled": false
                  }
                ]
              }
            ],
            "tags": null,
            "tags_all": {},
            "timeouts": null,
            "versioning": [
              {
                "enabled": false,
                "mfa_delete": false
              }
            ],
            "website": [],
            "website_domain": null,
            "website_endpoint": null
          },
          "sensitive_attributes": [],
          "private": "eyJlMmJmYjczMC1lY2FhLTExZTYtOGY4OC0zNDM2M2JjN2M0YzAiOnsiY3JlYXRlIjoxMjAwMDAwMDAwMDAwLCJkZWxldGUiOjM2MDAwMDAwMDAwMDAsInJlYWQiOjEyMDAwMDAwMDAwMDAsInVwZGF0ZSI6MTIwMDAwMDAwMDAwMH19"
        }
      ]
    },
    {
      "mode": "managed",
      "type": "aws_security_group",
      "name": "ec2_sg",
      "provider": "provider[\"registry.terraform.io/hashicorp/aws\"]",
      "instances": [
        {
          "schema_version": 1,
          "attributes": {
            "arn": "arn:aws:ec2:us-east-1:717279717338:security-group/sg-0307de89b39fa2663",
            "description": "Allow SSH, HTTP, and HTTPS access",
            "egress": [
              {
                "cidr_blocks": [
                  "0.0.0.0/0"
                ],
                "description": "",
                "from_port": 0,
                "ipv6_cidr_blocks": [],
                "prefix_list_ids": [],
                "protocol": "-1",
                "security_groups": [],
                "self": false,
                "to_port": 0
              }
            ],
            "id": "sg-0307de89b39fa2663",
            "ingress": [
              {
                "cidr_blocks": [
                  "0.0.0.0/0"
                ],
                "description": "",
                "from_port": 22,
                "ipv6_cidr_blocks": [],
                "prefix_list_ids": [],
                "protocol": "tcp",
                "security_groups": [],
                "self": false,
                "to_port": 22
              },
              {
                "cidr_blocks": [
                  "0.0.0.0/0"
                ],
                "description": "",
                "from_port": 443,
                "ipv6_cidr_blocks": [],
                "prefix_list_ids": [],
                "protocol": "tcp",
                "security_groups": [],
                "self": false,
                "to_port": 443
              },
              {
                "cidr_blocks": [
                  "0.0.0.0/0"
                ],
                "description": "",
                "from_port": 80,
                "ipv6_cidr_blocks": [],
                "prefix_list_ids": [],
                "protocol": "tcp",
                "security_groups": [],
                "self": false,
                "to_port": 80
              }
            ],
            "name": "ec2_sg",
            "name_prefix": "",
            "owner_id": "717279717338",
            "revoke_rules_on_delete": false,
            "tags": null,
            "tags_all": {},
            "timeouts": null,
            "vpc_id": "vpc-0a5a6ef0c6cda265b"
          },
          "sensitive_attributes": [],
          "private": "eyJlMmJmYjczMC1lY2FhLTExZTYtOGY4OC0zNDM2M2JjN2M0YzAiOnsiY3JlYXRlIjo2MDAwMDAwMDAwMDAsImRlbGV0ZSI6OTAwMDAwMDAwMDAwfSwic2NoZW1hX3ZlcnNpb24iOiIxIn0=",
          "dependencies": [
            "aws_vpc.project"
          ]
        }
      ]
    },
    {
      "mode": "managed",
      "type": "aws_security_group",
      "name": "project",
      "provider": "provider[\"registry.terraform.io/hashicorp/aws\"]",
      "instances": [
        {
          "schema_version": 1,
          "attributes": {
            "arn": "arn:aws:ec2:us-east-1:717279717338:security-group/sg-01924f3e5d0ad322d",
            "description": "Security group for project",
            "egress": [
              {
                "cidr_blocks": [
                  "0.0.0.0/0"
                ],
                "description": "",
                "from_port": 0,
                "ipv6_cidr_blocks": [],
                "prefix_list_ids": [],
                "protocol": "-1",
                "security_groups": [],
                "self": false,
                "to_port": 0
              }
            ],
            "id": "sg-01924f3e5d0ad322d",
            "ingress": [
              {
                "cidr_blocks": [
                  "0.0.0.0/0"
                ],
                "description": "",
                "from_port": 80,
                "ipv6_cidr_blocks": [],
                "prefix_list_ids": [],
                "protocol": "tcp",
                "security_groups": [],
                "self": false,
                "to_port": 80
              }
            ],
            "name": "project-sg",
            "name_prefix": "",
            "owner_id": "717279717338",
            "revoke_rules_on_delete": false,
            "tags": null,
            "tags_all": {},
            "timeouts": null,
            "vpc_id": "vpc-0a5a6ef0c6cda265b"
          },
          "sensitive_attributes": [],
          "private": "eyJlMmJmYjczMC1lY2FhLTExZTYtOGY4OC0zNDM2M2JjN2M0YzAiOnsiY3JlYXRlIjo2MDAwMDAwMDAwMDAsImRlbGV0ZSI6OTAwMDAwMDAwMDAwfSwic2NoZW1hX3ZlcnNpb24iOiIxIn0=",
          "dependencies": [
            "aws_vpc.project"
          ]
        }
      ]
    },
    {
      "mode": "managed",
      "type": "aws_subnet",
      "name": "project",
      "provider": "provider[\"registry.terraform.io/hashicorp/aws\"]",
      "instances": [
        {
          "index_key": 0,
          "schema_version": 1,
          "attributes": {
            "arn": "arn:aws:ec2:us-east-1:717279717338:subnet/subnet-08b2d4dbf149ac99b",
            "assign_ipv6_address_on_creation": false,
            "availability_zone": "us-east-1a",
            "availability_zone_id": "use1-az2",
            "cidr_block": "10.0.0.0/24",
            "customer_owned_ipv4_pool": "",
            "enable_dns64": false,
            "enable_lni_at_device_index": 0,
            "enable_resource_name_dns_a_record_on_launch": false,
            "enable_resource_name_dns_aaaa_record_on_launch": false,
            "id": "subnet-08b2d4dbf149ac99b",
            "ipv6_cidr_block": "",
            "ipv6_cidr_block_association_id": "",
            "ipv6_native": false,
            "map_customer_owned_ip_on_launch": false,
            "map_public_ip_on_launch": true,
            "outpost_arn": "",
            "owner_id": "717279717338",
            "private_dns_hostname_type_on_launch": "ip-name",
            "tags": {
              "Name": "project-subnet-0"
            },
            "tags_all": {
              "Name": "project-subnet-0"
            },
            "timeouts": null,
            "vpc_id": "vpc-0a5a6ef0c6cda265b"
          },
          "sensitive_attributes": [],
          "private": "eyJlMmJmYjczMC1lY2FhLTExZTYtOGY4OC0zNDM2M2JjN2M0YzAiOnsiY3JlYXRlIjo2MDAwMDAwMDAwMDAsImRlbGV0ZSI6MTIwMDAwMDAwMDAwMH0sInNjaGVtYV92ZXJzaW9uIjoiMSJ9",
          "dependencies": [
            "aws_vpc.project",
            "data.aws_availability_zones.available"
          ]
        },
        {
          "index_key": 1,
          "schema_version": 1,
          "attributes": {
            "arn": "arn:aws:ec2:us-east-1:717279717338:subnet/subnet-0119bf6bae71a67aa",
            "assign_ipv6_address_on_creation": false,
            "availability_zone": "us-east-1b",
            "availability_zone_id": "use1-az4",
            "cidr_block": "10.0.1.0/24",
            "customer_owned_ipv4_pool": "",
            "enable_dns64": false,
            "enable_lni_at_device_index": 0,
            "enable_resource_name_dns_a_record_on_launch": false,
            "enable_resource_name_dns_aaaa_record_on_launch": false,
            "id": "subnet-0119bf6bae71a67aa",
            "ipv6_cidr_block": "",
            "ipv6_cidr_block_association_id": "",
            "ipv6_native": false,
            "map_customer_owned_ip_on_launch": false,
            "map_public_ip_on_launch": true,
            "outpost_arn": "",
            "owner_id": "717279717338",
            "private_dns_hostname_type_on_launch": "ip-name",
            "tags": {
              "Name": "project-subnet-1"
            },
            "tags_all": {
              "Name": "project-subnet-1"
            },
            "timeouts": null,
            "vpc_id": "vpc-0a5a6ef0c6cda265b"
          },
          "sensitive_attributes": [],
          "private": "eyJlMmJmYjczMC1lY2FhLTExZTYtOGY4OC0zNDM2M2JjN2M0YzAiOnsiY3JlYXRlIjo2MDAwMDAwMDAwMDAsImRlbGV0ZSI6MTIwMDAwMDAwMDAwMH0sInNjaGVtYV92ZXJzaW9uIjoiMSJ9",
          "dependencies": [
            "aws_vpc.project",
            "data.aws_availability_zones.available"
          ]
        }
      ]
    },
    {
      "mode": "managed",
      "type": "aws_vpc",
      "name": "project",
      "provider": "provider[\"registry.terraform.io/hashicorp/aws\"]",
      "instances": [
        {
          "schema_version": 1,
          "attributes": {
            "arn": "arn:aws:ec2:us-east-1:717279717338:vpc/vpc-0a5a6ef0c6cda265b",
            "assign_generated_ipv6_cidr_block": false,
            "cidr_block": "10.0.0.0/16",
            "default_network_acl_id": "acl-07682c1bdcf73650b",
            "default_route_table_id": "rtb-0faf2e364d13fcc7e",
            "default_security_group_id": "sg-06e91a785d9b140b1",
            "dhcp_options_id": "dopt-07f5b71fe4e5ca893",
            "enable_dns_hostnames": false,
            "enable_dns_support": true,
            "enable_network_address_usage_metrics": false,
            "id": "vpc-0a5a6ef0c6cda265b",
            "instance_tenancy": "default",
            "ipv4_ipam_pool_id": null,
            "ipv4_netmask_length": null,
            "ipv6_association_id": "",
            "ipv6_cidr_block": "",
            "ipv6_cidr_block_network_border_group": "",
            "ipv6_ipam_pool_id": "",
            "ipv6_netmask_length": 0,
            "main_route_table_id": "rtb-0faf2e364d13fcc7e",
            "owner_id": "717279717338",
            "tags": {
              "Name": "project-vpc"
            },
            "tags_all": {
              "Name": "project-vpc"
            }
          },
          "sensitive_attributes": [],
          "private": "eyJzY2hlbWFfdmVyc2lvbiI6IjEifQ=="
        }
      ]
    },
    {
      "mode": "managed",
      "type": "local_file",
      "name": "private_key",
      "provider": "provider[\"registry.terraform.io/hashicorp/local\"]",
      "instances": [
        {
          "schema_version": 0,
          "attributes": {
            "content": "-----BEGIN RSA PRIVATE KEY-----\nMIIEpAIBAAKCAQEA0ZsxrtQCGz2t11P0iTOSbYC690wqf0xrZD6ltUgSgEqrIC0u\nWwbW0TLMFnjjYA+KCNoXFCbbmP6X/TJs+v6lKIvTawYd33l0ko7G0WDJngUZQRAF\n1JFK+QkdyuhHCYEF9J5qvS6DqlryYLPzm96B07cL/e3PgIgccWGDkQ9OsjjC8914\nENhN+Jz/oC6BZ08B17lDk1zR4Ooxk5RXWeQOgnbtL+MJRXgUMtrHkKLiUY/4pRQx\nisFXzvinxsFKnRaLuxsWD7tlTufxb5xb3uzEf6vxo9X5SJKD7AIsvLtNGwpP4w+2\ntPoYZnRE23o0TO1jd/60/ZVitBdEJdW0XCoaYQIDAQABAoIBADkpuu3z8bMeKhfM\nVKdKQkfM0LB6vChFXhBTqXt78Ve9hVfcGoVGozUgRlpmk5PyCPILEDo1srPR0v+B\nTglRgxdAsuLAI0t74xfJCl21qKaIu29sADsNeMXb/50DpcPoxQgGYBPB6LR/4xQO\nX4SFtSBZDlMtFOb3t9IQBwJ7izm9FL0ZFlTesQ9i9kYFmh6QUx6NFBZzy0VFeFPl\nk6yYyCU1Qb8VgK4tSAu4sCQAvWiHiqDoQLigKqJp9GjYT8IrLl1PS1GNoZAOjvVk\nC5IhAQUu2BXvCyNCoXrOIbXq0w0rStfFkKeJanCaKCDiBnue1fA6Xr/6BkTPDp7H\nX8Qai0UCgYEA4JOFcYWxkp7AHh65+kVmc+x4hSIxv5lifigK5d85cfGsDS7eFOiX\nhyPboSS6+cmKRUgcPe0l8H5vCnED15p0O29qA4okGwxoMgHtmrOMPriqZB6G/2df\nuUK71PpPGowJYoJHOujKfMvrDmN4aJ9sp3vn7t2DOhg4ue7+QThNFKcCgYEA7u9v\nmHSXgAIwj/amafBxmqPKjannioW9Y+gB79YviQsJMj5OG16js9iScDgvrShQmEV6\n5n9M84RSdUo2uuusuBM79Mn063GxRwcVvVBhUpGnXp17/j5yP1xvmc2sTxc2ja7s\n1Hi5I+sGN0UzO/3dwYqO51JZUCwSSKUEMBms0bcCgYBbaFAxY7xiNFF4MQN7tZG8\n72wirEdZeCIZvUyqQdCM61QfTYtBMWazr8mublfYYcrw5ifwoL0HhT7HHjb1I73Z\nj0C0Th7iD4u9hwFiLWCRCvL3q2FBRZ81tc7kIjneUU9klChP9v6sCwgSpDQXSYSd\nKxa9J9ZI6CD2tSsx+quNEwKBgQC76YckqZ10yUQUFPFwI+/UpLhqjZNR+Dio2BCd\n5R9hclJ7N1EKaXXpvYv9wdKNJkWsXAh6Ouf0JL8NC57bhvpBkq72p9Z9TN8Vc1b/\nmrXP0EmHOegIXmhPuIz0szKuyRzYdRhBSeihfPdYhI30woWi7yvQdY1UZjTC+TS/\n95FZJQKBgQDOLf0Pc+xW0XIyO4tDo/vZF8fU4sNlAvV/au1SKox+9o+ViExl0gOT\nd+v7Lup50bnh1XHRvVDRklmOoRLZvaYA8Cro95Niv8rOAe/eo2WogwhpxM2GFQm2\nd5Y/qkxLRQg2hNySBU7mYqtFOxLyxTbXgmk3gqeGAJR8Kln55I4+Jg==\n-----END RSA PRIVATE KEY-----\n",
            "content_base64": null,
            "content_base64sha256": "dgzjsQ6epTkC8UfuBB4VDa4SCY3Gn1BP93h2B8P7DoE=",
            "content_base64sha512": "qnZghMc/XwpcgcmLfSNUTRgBz4hpuNQnZaZZhFTJSR4MgaiThxpNzVAKAbKRmgiuOy59uX6bc2KqI5bMpmymDw==",
            "content_md5": "206efb7c2279577e334da2d19515b595",
            "content_sha1": "719f422dfc6adaca214a6de25a6e5e4e9752b64f",
            "content_sha256": "760ce3b10e9ea53902f147ee041e150dae12098dc69f504ff7787607c3fb0e81",
            "content_sha512": "aa766084c73f5f0a5c81c98b7d23544d1801cf8869b8d42765a6598454c9491e0c81a893871a4dcd500a01b2919a08ae3b2e7db97e9b7362aa2396cca66ca60f",
            "directory_permission": "0777",
            "file_permission": "0777",
            "filename": "./ec2_key.pem",
            "id": "719f422dfc6adaca214a6de25a6e5e4e9752b64f",
            "sensitive_content": null,
            "source": null
          },
          "sensitive_attributes": [
            [
              {
                "type": "get_attr",
                "value": "content"
              }
            ],
            [
              {
                "type": "get_attr",
                "value": "sensitive_content"
              }
            ]
          ],
          "dependencies": [
            "tls_private_key.key_pair"
          ]
        }
      ]
    },
    {
      "mode": "managed",
      "type": "local_file",
      "name": "public_key",
      "provider": "provider[\"registry.terraform.io/hashicorp/local\"]",
      "instances": [
        {
          "schema_version": 0,
          "attributes": {
            "content": "ssh-rsa AAAAB3NzaC1yc2EAAAADAQABAAABAQDRmzGu1AIbPa3XU/SJM5JtgLr3TCp/TGtkPqW1SBKASqsgLS5bBtbRMswWeONgD4oI2hcUJtuY/pf9Mmz6/qUoi9NrBh3feXSSjsbRYMmeBRlBEAXUkUr5CR3K6EcJgQX0nmq9LoOqWvJgs/Ob3oHTtwv97c+AiBxxYYORD06yOMLz3XgQ2E34nP+gLoFnTwHXuUOTXNHg6jGTlFdZ5A6Cdu0v4wlFeBQy2seQouJRj/ilFDGKwVfO+KfGwUqdFou7GxYPu2VO5/FvnFve7MR/q/Gj1flIkoPsAiy8u00bCk/jD7a0+hhmdETbejRM7WN3/rT9lWK0F0Ql1bRcKhph\n",
            "content_base64": null,
            "content_base64sha256": "BgpGjb5VK6U86ChuYLnl+XrLlgGOwILjyQVbsAiG0a8=",
            "content_base64sha512": "CGg+G2b6dAqSLvj+DzLhcab4U844GQDHLHSHGOgJd2YXI9BDj0ry63NQq46Et343/Es22i+9aGUQAkvtCcKjrA==",
            "content_md5": "bb41f57e40ad74e6c5c705e561c7611a",
            "content_sha1": "3c360bd8ad75ababc9e686a61df7725704ff2e06",
            "content_sha256": "060a468dbe552ba53ce8286e60b9e5f97acb96018ec082e3c9055bb00886d1af",
            "content_sha512": "08683e1b66fa740a922ef8fe0f32e171a6f853ce381900c72c748718e80977661723d0438f4af2eb7350ab8e84b77e37fc4b36da2fbd686510024bed09c2a3ac",
            "directory_permission": "0777",
            "file_permission": "0777",
            "filename": "./ec2_key.pub",
            "id": "3c360bd8ad75ababc9e686a61df7725704ff2e06",
            "sensitive_content": null,
            "source": null
          },
          "sensitive_attributes": [
            [
              {
                "type": "get_attr",
                "value": "sensitive_content"
              }
            ]
          ],
          "dependencies": [
            "tls_private_key.key_pair"
          ]
        }
      ]
    },
    {
      "mode": "managed",
      "type": "null_resource",
      "name": "cluster_subnet_tag",
      "provider": "provider[\"registry.terraform.io/hashicorp/null\"]",
      "instances": [
        {
          "schema_version": 0,
          "attributes": {
            "id": "4895384047764756040",
            "triggers": null
          },
          "sensitive_attributes": [],
          "dependencies": [
            "aws_eks_cluster.project",
            "aws_iam_role.eks_worker_role",
            "aws_iam_role_policy_attachment.AmazonEC2ContainerRegistryReadOnly",
            "aws_iam_role_policy_attachment.AmazonEKSWorkerNodePolicy",
            "aws_iam_role_policy_attachment.AmazonEKS_CNI_Policy",
            "aws_subnet.project",
            "aws_vpc.project",
            "data.aws_availability_zones.available"
          ]
        }
      ]
    },
    {
      "mode": "managed",
      "type": "tls_private_key",
      "name": "key_pair",
      "provider": "provider[\"registry.terraform.io/hashicorp/tls\"]",
      "instances": [
        {
          "schema_version": 1,
          "attributes": {
            "algorithm": "RSA",
            "ecdsa_curve": "P224",
            "id": "f5628b99e73e8bfb7739491bf45e52b4e57e2567",
            "private_key_openssh": "-----BEGIN OPENSSH PRIVATE KEY-----\nb3BlbnNzaC1rZXktdjEAAAAABG5vbmUAAAAEbm9uZQAAAAAAAAABAAABFwAAAAdz\nc2gtcnNhAAAAAwEAAQAAAQEA0ZsxrtQCGz2t11P0iTOSbYC690wqf0xrZD6ltUgS\ngEqrIC0uWwbW0TLMFnjjYA+KCNoXFCbbmP6X/TJs+v6lKIvTawYd33l0ko7G0WDJ\nngUZQRAF1JFK+QkdyuhHCYEF9J5qvS6DqlryYLPzm96B07cL/e3PgIgccWGDkQ9O\nsjjC8914ENhN+Jz/oC6BZ08B17lDk1zR4Ooxk5RXWeQOgnbtL+MJRXgUMtrHkKLi\nUY/4pRQxisFXzvinxsFKnRaLuxsWD7tlTufxb5xb3uzEf6vxo9X5SJKD7AIsvLtN\nGwpP4w+2tPoYZnRE23o0TO1jd/60/ZVitBdEJdW0XCoaYQAAA7jF+YGRxfmBkQAA\nAAdzc2gtcnNhAAABAQDRmzGu1AIbPa3XU/SJM5JtgLr3TCp/TGtkPqW1SBKASqsg\nLS5bBtbRMswWeONgD4oI2hcUJtuY/pf9Mmz6/qUoi9NrBh3feXSSjsbRYMmeBRlB\nEAXUkUr5CR3K6EcJgQX0nmq9LoOqWvJgs/Ob3oHTtwv97c+AiBxxYYORD06yOMLz\n3XgQ2E34nP+gLoFnTwHXuUOTXNHg6jGTlFdZ5A6Cdu0v4wlFeBQy2seQouJRj/il\nFDGKwVfO+KfGwUqdFou7GxYPu2VO5/FvnFve7MR/q/Gj1flIkoPsAiy8u00bCk/j\nD7a0+hhmdETbejRM7WN3/rT9lWK0F0Ql1bRcKhphAAAAAwEAAQAAAQA5Kbrt8/Gz\nHioXzFSnSkJHzNCwerwoRV4QU6l7e/FXvYVX3BqFRqM1IEZaZpOT8gjyCxA6NbKz\n0dL/gU4JUYMXQLLiwCNLe+MXyQpdtaimiLtvbAA7DXjF2/+dA6XD6MUIBmATwei0\nf+MUDl+EhbUgWQ5TLRTm97fSEAcCe4s5vRS9GRZU3rEPYvZGBZoekFMejRQWc8tF\nRXhT5ZOsmMglNUG/FYCuLUgLuLAkAL1oh4qg6EC4oCqiafRo2E/CKy5dT0tRjaGQ\nDo71ZAuSIQEFLtgV7wsjQqF6ziG16tMNK0rXxZCniWpwmigg4gZ7ntXwOl6/+gZE\nzw6ex1/EGotFAAAAgQDOLf0Pc+xW0XIyO4tDo/vZF8fU4sNlAvV/au1SKox+9o+V\niExl0gOTd+v7Lup50bnh1XHRvVDRklmOoRLZvaYA8Cro95Niv8rOAe/eo2Wogwhp\nxM2GFQm2d5Y/qkxLRQg2hNySBU7mYqtFOxLyxTbXgmk3gqeGAJR8Kln55I4+JgAA\nAIEA4JOFcYWxkp7AHh65+kVmc+x4hSIxv5lifigK5d85cfGsDS7eFOiXhyPboSS6\n+cmKRUgcPe0l8H5vCnED15p0O29qA4okGwxoMgHtmrOMPriqZB6G/2dfuUK71PpP\nGowJYoJHOujKfMvrDmN4aJ9sp3vn7t2DOhg4ue7+QThNFKcAAACBAO7vb5h0l4AC\nMI/2pmnwcZqjyo2p54qFvWPoAe/WL4kLCTI+Thteo7PYknA4L60oUJhFeuZ/TPOE\nUnVKNrrrrLgTO/TJ9OtxsUcHFb1QYVKRp16de/4+cj9cb5nNrE8XNo2u7NR4uSPr\nBjdFMzv93cGKjudSWVAsEkilBDAZrNG3AAAAAAEC\n-----END OPENSSH PRIVATE KEY-----\n",
            "private_key_pem": "-----BEGIN RSA PRIVATE KEY-----\nMIIEpAIBAAKCAQEA0ZsxrtQCGz2t11P0iTOSbYC690wqf0xrZD6ltUgSgEqrIC0u\nWwbW0TLMFnjjYA+KCNoXFCbbmP6X/TJs+v6lKIvTawYd33l0ko7G0WDJngUZQRAF\n1JFK+QkdyuhHCYEF9J5qvS6DqlryYLPzm96B07cL/e3PgIgccWGDkQ9OsjjC8914\nENhN+Jz/oC6BZ08B17lDk1zR4Ooxk5RXWeQOgnbtL+MJRXgUMtrHkKLiUY/4pRQx\nisFXzvinxsFKnRaLuxsWD7tlTufxb5xb3uzEf6vxo9X5SJKD7AIsvLtNGwpP4w+2\ntPoYZnRE23o0TO1jd/60/ZVitBdEJdW0XCoaYQIDAQABAoIBADkpuu3z8bMeKhfM\nVKdKQkfM0LB6vChFXhBTqXt78Ve9hVfcGoVGozUgRlpmk5PyCPILEDo1srPR0v+B\nTglRgxdAsuLAI0t74xfJCl21qKaIu29sADsNeMXb/50DpcPoxQgGYBPB6LR/4xQO\nX4SFtSBZDlMtFOb3t9IQBwJ7izm9FL0ZFlTesQ9i9kYFmh6QUx6NFBZzy0VFeFPl\nk6yYyCU1Qb8VgK4tSAu4sCQAvWiHiqDoQLigKqJp9GjYT8IrLl1PS1GNoZAOjvVk\nC5IhAQUu2BXvCyNCoXrOIbXq0w0rStfFkKeJanCaKCDiBnue1fA6Xr/6BkTPDp7H\nX8Qai0UCgYEA4JOFcYWxkp7AHh65+kVmc+x4hSIxv5lifigK5d85cfGsDS7eFOiX\nhyPboSS6+cmKRUgcPe0l8H5vCnED15p0O29qA4okGwxoMgHtmrOMPriqZB6G/2df\nuUK71PpPGowJYoJHOujKfMvrDmN4aJ9sp3vn7t2DOhg4ue7+QThNFKcCgYEA7u9v\nmHSXgAIwj/amafBxmqPKjannioW9Y+gB79YviQsJMj5OG16js9iScDgvrShQmEV6\n5n9M84RSdUo2uuusuBM79Mn063GxRwcVvVBhUpGnXp17/j5yP1xvmc2sTxc2ja7s\n1Hi5I+sGN0UzO/3dwYqO51JZUCwSSKUEMBms0bcCgYBbaFAxY7xiNFF4MQN7tZG8\n72wirEdZeCIZvUyqQdCM61QfTYtBMWazr8mublfYYcrw5ifwoL0HhT7HHjb1I73Z\nj0C0Th7iD4u9hwFiLWCRCvL3q2FBRZ81tc7kIjneUU9klChP9v6sCwgSpDQXSYSd\nKxa9J9ZI6CD2tSsx+quNEwKBgQC76YckqZ10yUQUFPFwI+/UpLhqjZNR+Dio2BCd\n5R9hclJ7N1EKaXXpvYv9wdKNJkWsXAh6Ouf0JL8NC57bhvpBkq72p9Z9TN8Vc1b/\nmrXP0EmHOegIXmhPuIz0szKuyRzYdRhBSeihfPdYhI30woWi7yvQdY1UZjTC+TS/\n95FZJQKBgQDOLf0Pc+xW0XIyO4tDo/vZF8fU4sNlAvV/au1SKox+9o+ViExl0gOT\nd+v7Lup50bnh1XHRvVDRklmOoRLZvaYA8Cro95Niv8rOAe/eo2WogwhpxM2GFQm2\nd5Y/qkxLRQg2hNySBU7mYqtFOxLyxTbXgmk3gqeGAJR8Kln55I4+Jg==\n-----END RSA PRIVATE KEY-----\n",
            "private_key_pem_pkcs8": "-----BEGIN PRIVATE KEY-----\nMIIEvgIBADANBgkqhkiG9w0BAQEFAASCBKgwggSkAgEAAoIBAQDRmzGu1AIbPa3X\nU/SJM5JtgLr3TCp/TGtkPqW1SBKASqsgLS5bBtbRMswWeONgD4oI2hcUJtuY/pf9\nMmz6/qUoi9NrBh3feXSSjsbRYMmeBRlBEAXUkUr5CR3K6EcJgQX0nmq9LoOqWvJg\ns/Ob3oHTtwv97c+AiBxxYYORD06yOMLz3XgQ2E34nP+gLoFnTwHXuUOTXNHg6jGT\nlFdZ5A6Cdu0v4wlFeBQy2seQouJRj/ilFDGKwVfO+KfGwUqdFou7GxYPu2VO5/Fv\nnFve7MR/q/Gj1flIkoPsAiy8u00bCk/jD7a0+hhmdETbejRM7WN3/rT9lWK0F0Ql\n1bRcKhphAgMBAAECggEAOSm67fPxsx4qF8xUp0pCR8zQsHq8KEVeEFOpe3vxV72F\nV9wahUajNSBGWmaTk/II8gsQOjWys9HS/4FOCVGDF0Cy4sAjS3vjF8kKXbWopoi7\nb2wAOw14xdv/nQOlw+jFCAZgE8HotH/jFA5fhIW1IFkOUy0U5ve30hAHAnuLOb0U\nvRkWVN6xD2L2RgWaHpBTHo0UFnPLRUV4U+WTrJjIJTVBvxWAri1IC7iwJAC9aIeK\noOhAuKAqomn0aNhPwisuXU9LUY2hkA6O9WQLkiEBBS7YFe8LI0Khes4hterTDStK\n18WQp4lqcJooIOIGe57V8Dpev/oGRM8OnsdfxBqLRQKBgQDgk4VxhbGSnsAeHrn6\nRWZz7HiFIjG/mWJ+KArl3zlx8awNLt4U6JeHI9uhJLr5yYpFSBw97SXwfm8KcQPX\nmnQ7b2oDiiQbDGgyAe2as4w+uKpkHob/Z1+5QrvU+k8ajAligkc66Mp8y+sOY3ho\nn2yne+fu3YM6GDi57v5BOE0UpwKBgQDu72+YdJeAAjCP9qZp8HGao8qNqeeKhb1j\n6AHv1i+JCwkyPk4bXqOz2JJwOC+tKFCYRXrmf0zzhFJ1Sja666y4Ezv0yfTrcbFH\nBxW9UGFSkadenXv+PnI/XG+ZzaxPFzaNruzUeLkj6wY3RTM7/d3Bio7nUllQLBJI\npQQwGazRtwKBgFtoUDFjvGI0UXgxA3u1kbzvbCKsR1l4Ihm9TKpB0IzrVB9Ni0Ex\nZrOvya5uV9hhyvDmJ/CgvQeFPsceNvUjvdmPQLROHuIPi72HAWItYJEK8verYUFF\nnzW1zuQiOd5RT2SUKE/2/qwLCBKkNBdJhJ0rFr0n1kjoIPa1KzH6q40TAoGBALvp\nhySpnXTJRBQU8XAj79SkuGqNk1H4OKjYEJ3lH2FyUns3UQppdem9i/3B0o0mRaxc\nCHo65/Qkvw0LntuG+kGSrvan1n1M3xVzVv+atc/QSYc56AheaE+4jPSzMq7JHNh1\nGEFJ6KF891iEjfTChaLvK9B1jVRmNML5NL/3kVklAoGBAM4t/Q9z7FbRcjI7i0Oj\n+9kXx9Tiw2UC9X9q7VIqjH72j5WITGXSA5N36/su6nnRueHVcdG9UNGSWY6hEtm9\npgDwKuj3k2K/ys4B796jZaiDCGnEzYYVCbZ3lj+qTEtFCDaE3JIFTuZiq0U7EvLF\nNteCaTeCp4YAlHwqWfnkjj4m\n-----END PRIVATE KEY-----\n",
            "public_key_fingerprint_md5": "a8:e7:62:57:e2:c9:e9:82:56:b9:71:54:9f:90:05:f2",
            "public_key_fingerprint_sha256": "SHA256:VCFguxmaovvmxDNHU9pJrOLUynOSkw0fNNneTC1DGOc",
            "public_key_openssh": "ssh-rsa AAAAB3NzaC1yc2EAAAADAQABAAABAQDRmzGu1AIbPa3XU/SJM5JtgLr3TCp/TGtkPqW1SBKASqsgLS5bBtbRMswWeONgD4oI2hcUJtuY/pf9Mmz6/qUoi9NrBh3feXSSjsbRYMmeBRlBEAXUkUr5CR3K6EcJgQX0nmq9LoOqWvJgs/Ob3oHTtwv97c+AiBxxYYORD06yOMLz3XgQ2E34nP+gLoFnTwHXuUOTXNHg6jGTlFdZ5A6Cdu0v4wlFeBQy2seQouJRj/ilFDGKwVfO+KfGwUqdFou7GxYPu2VO5/FvnFve7MR/q/Gj1flIkoPsAiy8u00bCk/jD7a0+hhmdETbejRM7WN3/rT9lWK0F0Ql1bRcKhph\n",
            "public_key_pem": "-----BEGIN PUBLIC KEY-----\nMIIBIjANBgkqhkiG9w0BAQEFAAOCAQ8AMIIBCgKCAQEA0ZsxrtQCGz2t11P0iTOS\nbYC690wqf0xrZD6ltUgSgEqrIC0uWwbW0TLMFnjjYA+KCNoXFCbbmP6X/TJs+v6l\nKIvTawYd33l0ko7G0WDJngUZQRAF1JFK+QkdyuhHCYEF9J5qvS6DqlryYLPzm96B\n07cL/e3PgIgccWGDkQ9OsjjC8914ENhN+Jz/oC6BZ08B17lDk1zR4Ooxk5RXWeQO\ngnbtL+MJRXgUMtrHkKLiUY/4pRQxisFXzvinxsFKnRaLuxsWD7tlTufxb5xb3uzE\nf6vxo9X5SJKD7AIsvLtNGwpP4w+2tPoYZnRE23o0TO1jd/60/ZVitBdEJdW0XCoa\nYQIDAQAB\n-----END PUBLIC KEY-----\n",
            "rsa_bits": 2048
          },
          "sensitive_attributes": [
            [
              {
                "type": "get_attr",
                "value": "private_key_pem_pkcs8"
              }
            ],
            [
              {
                "type": "get_attr",
                "value": "private_key_pem"
              }
            ],
            [
              {
                "type": "get_attr",
                "value": "private_key_openssh"
              }
            ]
          ]
        }
      ]
    }
  ],
  "check_results": null
}
